// !$*UTF8*$!
{
	archiveVersion = 1;
	classes = {
	};
	objectVersion = 55;
	objects = {

/* Begin PBXBuildFile section */
		AD8D2EAE28F531BA00528913 /* main.cpp in Sources */ = {isa = PBXBuildFile; fileRef = AD8D2EAD28F531BA00528913 /* main.cpp */; };
		AD8D2EB628F5335900528913 /* libglfw.3.3.dylib in Frameworks */ = {isa = PBXBuildFile; fileRef = AD8D2EB528F5335900528913 /* libglfw.3.3.dylib */; };
		AD8D2EB728F5335900528913 /* libglfw.3.3.dylib in Embed Libraries */ = {isa = PBXBuildFile; fileRef = AD8D2EB528F5335900528913 /* libglfw.3.3.dylib */; settings = {ATTRIBUTES = (CodeSignOnCopy, ); }; };
		AD8D2EBA28F5616600528913 /* glad.c in Sources */ = {isa = PBXBuildFile; fileRef = AD8D2EB928F5616600528913 /* glad.c */; };
		AD8D2EBC28F5631E00528913 /* libassimp.5.2.4.dylib in Frameworks */ = {isa = PBXBuildFile; fileRef = AD8D2EBB28F5631E00528913 /* libassimp.5.2.4.dylib */; };
		AD8D2EBD28F5631E00528913 /* libassimp.5.2.4.dylib in Embed Libraries */ = {isa = PBXBuildFile; fileRef = AD8D2EBB28F5631E00528913 /* libassimp.5.2.4.dylib */; settings = {ATTRIBUTES = (CodeSignOnCopy, ); }; };
/* End PBXBuildFile section */

/* Begin PBXCopyFilesBuildPhase section */
		AD8D2EA828F531BA00528913 /* CopyFiles */ = {
			isa = PBXCopyFilesBuildPhase;
			buildActionMask = 2147483647;
			dstPath = /usr/share/man/man1/;
			dstSubfolderSpec = 0;
			files = (
			);
			runOnlyForDeploymentPostprocessing = 1;
		};
		AD8D2EB828F5335900528913 /* Embed Libraries */ = {
			isa = PBXCopyFilesBuildPhase;
			buildActionMask = 2147483647;
			dstPath = "";
			dstSubfolderSpec = 10;
			files = (
				AD8D2EBD28F5631E00528913 /* libassimp.5.2.4.dylib in Embed Libraries */,
				AD8D2EB728F5335900528913 /* libglfw.3.3.dylib in Embed Libraries */,
			);
			name = "Embed Libraries";
			runOnlyForDeploymentPostprocessing = 0;
		};
/* End PBXCopyFilesBuildPhase section */

/* Begin PBXFileReference section */
		AD8D2EAA28F531BA00528913 /* model_loading */ = {isa = PBXFileReference; explicitFileType = "compiled.mach-o.executable"; includeInIndex = 0; path = model_loading; sourceTree = BUILT_PRODUCTS_DIR; };
		AD8D2EAD28F531BA00528913 /* main.cpp */ = {isa = PBXFileReference; lastKnownFileType = sourcecode.cpp.cpp; path = main.cpp; sourceTree = "<group>"; };
		AD8D2EB528F5335900528913 /* libglfw.3.3.dylib */ = {isa = PBXFileReference; lastKnownFileType = "compiled.mach-o.dylib"; name = libglfw.3.3.dylib; path = ../../../../../../opt/homebrew/Cellar/glfw/3.3.8/lib/libglfw.3.3.dylib; sourceTree = "<group>"; };
		AD8D2EB928F5616600528913 /* glad.c */ = {isa = PBXFileReference; lastKnownFileType = sourcecode.c.c; name = glad.c; path = model_loading/glad.c; sourceTree = "<group>"; };
		AD8D2EBB28F5631E00528913 /* libassimp.5.2.4.dylib */ = {isa = PBXFileReference; lastKnownFileType = "compiled.mach-o.dylib"; name = libassimp.5.2.4.dylib; path = ../../../../../../opt/homebrew/Cellar/assimp/5.2.5/lib/libassimp.5.2.4.dylib; sourceTree = "<group>"; };
/* End PBXFileReference section */

/* Begin PBXFrameworksBuildPhase section */
		AD8D2EA728F531BA00528913 /* Frameworks */ = {
			isa = PBXFrameworksBuildPhase;
			buildActionMask = 2147483647;
			files = (
				AD8D2EBC28F5631E00528913 /* libassimp.5.2.4.dylib in Frameworks */,
				AD8D2EB628F5335900528913 /* libglfw.3.3.dylib in Frameworks */,
			);
			runOnlyForDeploymentPostprocessing = 0;
		};
/* End PBXFrameworksBuildPhase section */

/* Begin PBXGroup section */
		AD8D2EA128F531BA00528913 = {
			isa = PBXGroup;
			children = (
				AD8D2EB928F5616600528913 /* glad.c */,
				AD8D2EAC28F531BA00528913 /* model_loading */,
				AD8D2EAB28F531BA00528913 /* Products */,
				AD8D2EB428F5335900528913 /* Frameworks */,
			);
			sourceTree = "<group>";
		};
		AD8D2EAB28F531BA00528913 /* Products */ = {
			isa = PBXGroup;
			children = (
				AD8D2EAA28F531BA00528913 /* model_loading */,
			);
			name = Products;
			sourceTree = "<group>";
		};
		AD8D2EAC28F531BA00528913 /* model_loading */ = {
			isa = PBXGroup;
			children = (
				AD8D2EAD28F531BA00528913 /* main.cpp */,
			);
			path = model_loading;
			sourceTree = "<group>";
		};
		AD8D2EB428F5335900528913 /* Frameworks */ = {
			isa = PBXGroup;
			children = (
				AD8D2EBB28F5631E00528913 /* libassimp.5.2.4.dylib */,
				AD8D2EB528F5335900528913 /* libglfw.3.3.dylib */,
			);
			name = Frameworks;
			sourceTree = "<group>";
		};
/* End PBXGroup section */

/* Begin PBXNativeTarget section */
		AD8D2EA928F531BA00528913 /* model_loading */ = {
			isa = PBXNativeTarget;
			buildConfigurationList = AD8D2EB128F531BA00528913 /* Build configuration list for PBXNativeTarget "model_loading" */;
			buildPhases = (
				AD8D2EA628F531BA00528913 /* Sources */,
				AD8D2EA728F531BA00528913 /* Frameworks */,
				AD8D2EA828F531BA00528913 /* CopyFiles */,
				AD8D2EB828F5335900528913 /* Embed Libraries */,
			);
			buildRules = (
			);
			dependencies = (
			);
			name = model_loading;
			productName = model_loading;
			productReference = AD8D2EAA28F531BA00528913 /* model_loading */;
			productType = "com.apple.product-type.tool";
		};
/* End PBXNativeTarget section */

/* Begin PBXProject section */
		AD8D2EA228F531BA00528913 /* Project object */ = {
			isa = PBXProject;
			attributes = {
				BuildIndependentTargetsInParallel = 1;
				LastUpgradeCheck = 1340;
				TargetAttributes = {
					AD8D2EA928F531BA00528913 = {
						CreatedOnToolsVersion = 13.4.1;
					};
				};
			};
			buildConfigurationList = AD8D2EA528F531BA00528913 /* Build configuration list for PBXProject "model_loading" */;
			compatibilityVersion = "Xcode 13.0";
			developmentRegion = en;
			hasScannedForEncodings = 0;
			knownRegions = (
				en,
				Base,
			);
			mainGroup = AD8D2EA128F531BA00528913;
			productRefGroup = AD8D2EAB28F531BA00528913 /* Products */;
			projectDirPath = "";
			projectRoot = "";
			targets = (
				AD8D2EA928F531BA00528913 /* model_loading */,
			);
		};
/* End PBXProject section */

/* Begin PBXSourcesBuildPhase section */
		AD8D2EA628F531BA00528913 /* Sources */ = {
			isa = PBXSourcesBuildPhase;
			buildActionMask = 2147483647;
			files = (
				AD8D2EBA28F5616600528913 /* glad.c in Sources */,
				AD8D2EAE28F531BA00528913 /* main.cpp in Sources */,
			);
			runOnlyForDeploymentPostprocessing = 0;
		};
/* End PBXSourcesBuildPhase section */

/* Begin XCBuildConfiguration section */
		AD8D2EAF28F531BA00528913 /* Debug */ = {
			isa = XCBuildConfiguration;
			buildSettings = {
				ALWAYS_SEARCH_USER_PATHS = NO;
				CLANG_ANALYZER_NONNULL = YES;
				CLANG_ANALYZER_NUMBER_OBJECT_CONVERSION = YES_AGGRESSIVE;
				CLANG_CXX_LANGUAGE_STANDARD = "gnu++17";
				CLANG_ENABLE_MODULES = YES;
				CLANG_ENABLE_OBJC_ARC = YES;
				CLANG_ENABLE_OBJC_WEAK = YES;
				CLANG_WARN_BLOCK_CAPTURE_AUTORELEASING = YES;
				CLANG_WARN_BOOL_CONVERSION = YES;
				CLANG_WARN_COMMA = YES;
				CLANG_WARN_CONSTANT_CONVERSION = YES;
				CLANG_WARN_DEPRECATED_OBJC_IMPLEMENTATIONS = YES;
				CLANG_WARN_DIRECT_OBJC_ISA_USAGE = YES_ERROR;
				CLANG_WARN_DOCUMENTATION_COMMENTS = YES;
				CLANG_WARN_EMPTY_BODY = YES;
				CLANG_WARN_ENUM_CONVERSION = YES;
				CLANG_WARN_INFINITE_RECURSION = YES;
				CLANG_WARN_INT_CONVERSION = YES;
				CLANG_WARN_NON_LITERAL_NULL_CONVERSION = YES;
				CLANG_WARN_OBJC_IMPLICIT_RETAIN_SELF = YES;
				CLANG_WARN_OBJC_LITERAL_CONVERSION = YES;
				CLANG_WARN_OBJC_ROOT_CLASS = YES_ERROR;
				CLANG_WARN_QUOTED_INCLUDE_IN_FRAMEWORK_HEADER = YES;
				CLANG_WARN_RANGE_LOOP_ANALYSIS = YES;
				CLANG_WARN_STRICT_PROTOTYPES = YES;
				CLANG_WARN_SUSPICIOUS_MOVE = YES;
				CLANG_WARN_UNGUARDED_AVAILABILITY = YES_AGGRESSIVE;
				CLANG_WARN_UNREACHABLE_CODE = YES;
				CLANG_WARN__DUPLICATE_METHOD_MATCH = YES;
				COPY_PHASE_STRIP = NO;
				DEBUG_INFORMATION_FORMAT = dwarf;
				ENABLE_STRICT_OBJC_MSGSEND = YES;
				ENABLE_TESTABILITY = YES;
				GCC_C_LANGUAGE_STANDARD = gnu11;
				GCC_DYNAMIC_NO_PIC = NO;
				GCC_NO_COMMON_BLOCKS = YES;
				GCC_OPTIMIZATION_LEVEL = 0;
				GCC_PREPROCESSOR_DEFINITIONS = (
					"DEBUG=1",
					"$(inherited)",
				);
				GCC_WARN_64_TO_32_BIT_CONVERSION = YES;
				GCC_WARN_ABOUT_RETURN_TYPE = YES_ERROR;
				GCC_WARN_UNDECLARED_SELECTOR = YES;
				GCC_WARN_UNINITIALIZED_AUTOS = YES_AGGRESSIVE;
				GCC_WARN_UNUSED_FUNCTION = YES;
				GCC_WARN_UNUSED_VARIABLE = YES;
				MACOSX_DEPLOYMENT_TARGET = 12.3;
				MTL_ENABLE_DEBUG_INFO = INCLUDE_SOURCE;
				MTL_FAST_MATH = YES;
				ONLY_ACTIVE_ARCH = YES;
				SDKROOT = macosx;
			};
			name = Debug;
		};
		AD8D2EB028F531BA00528913 /* Release */ = {
			isa = XCBuildConfiguration;
			buildSettings = {
				ALWAYS_SEARCH_USER_PATHS = NO;
				CLANG_ANALYZER_NONNULL = YES;
				CLANG_ANALYZER_NUMBER_OBJECT_CONVERSION = YES_AGGRESSIVE;
				CLANG_CXX_LANGUAGE_STANDARD = "gnu++17";
				CLANG_ENABLE_MODULES = YES;
				CLANG_ENABLE_OBJC_ARC = YES;
				CLANG_ENABLE_OBJC_WEAK = YES;
				CLANG_WARN_BLOCK_CAPTURE_AUTORELEASING = YES;
				CLANG_WARN_BOOL_CONVERSION = YES;
				CLANG_WARN_COMMA = YES;
				CLANG_WARN_CONSTANT_CONVERSION = YES;
				CLANG_WARN_DEPRECATED_OBJC_IMPLEMENTATIONS = YES;
				CLANG_WARN_DIRECT_OBJC_ISA_USAGE = YES_ERROR;
				CLANG_WARN_DOCUMENTATION_COMMENTS = YES;
				CLANG_WARN_EMPTY_BODY = YES;
				CLANG_WARN_ENUM_CONVERSION = YES;
				CLANG_WARN_INFINITE_RECURSION = YES;
				CLANG_WARN_INT_CONVERSION = YES;
				CLANG_WARN_NON_LITERAL_NULL_CONVERSION = YES;
				CLANG_WARN_OBJC_IMPLICIT_RETAIN_SELF = YES;
				CLANG_WARN_OBJC_LITERAL_CONVERSION = YES;
				CLANG_WARN_OBJC_ROOT_CLASS = YES_ERROR;
				CLANG_WARN_QUOTED_INCLUDE_IN_FRAMEWORK_HEADER = YES;
				CLANG_WARN_RANGE_LOOP_ANALYSIS = YES;
				CLANG_WARN_STRICT_PROTOTYPES = YES;
				CLANG_WARN_SUSPICIOUS_MOVE = YES;
				CLANG_WARN_UNGUARDED_AVAILABILITY = YES_AGGRESSIVE;
				CLANG_WARN_UNREACHABLE_CODE = YES;
				CLANG_WARN__DUPLICATE_METHOD_MATCH = YES;
				COPY_PHASE_STRIP = NO;
				DEBUG_INFORMATION_FORMAT = "dwarf-with-dsym";
				ENABLE_NS_ASSERTIONS = NO;
				ENABLE_STRICT_OBJC_MSGSEND = YES;
				GCC_C_LANGUAGE_STANDARD = gnu11;
				GCC_NO_COMMON_BLOCKS = YES;
				GCC_WARN_64_TO_32_BIT_CONVERSION = YES;
				GCC_WARN_ABOUT_RETURN_TYPE = YES_ERROR;
				GCC_WARN_UNDECLARED_SELECTOR = YES;
				GCC_WARN_UNINITIALIZED_AUTOS = YES_AGGRESSIVE;
				GCC_WARN_UNUSED_FUNCTION = YES;
				GCC_WARN_UNUSED_VARIABLE = YES;
				MACOSX_DEPLOYMENT_TARGET = 12.3;
				MTL_ENABLE_DEBUG_INFO = NO;
				MTL_FAST_MATH = YES;
				SDKROOT = macosx;
			};
			name = Release;
		};
		AD8D2EB228F531BA00528913 /* Debug */ = {
			isa = XCBuildConfiguration;
			buildSettings = {
				CODE_SIGN_STYLE = Automatic;
				DEVELOPMENT_TEAM = ZA4JYD4N58;
				ENABLE_HARDENED_RUNTIME = YES;
				HEADER_SEARCH_PATHS = (
					"/Users/unhi/Desktop/3-2/GPU프로그래밍/model_loading/model_loading/include",
					"/Users/unhi/Desktop/3-2/GPU프로그래밍/model_loading/assimp/include",
				);
				LIBRARY_SEARCH_PATHS = (
					"$(inherited)",
					/opt/homebrew/Cellar/glfw/3.3.8/lib,
					/opt/homebrew/Cellar/assimp/5.2.5/lib,
				);
				PRODUCT_NAME = "$(TARGET_NAME)";
			};
			name = Debug;
		};
		AD8D2EB328F531BA00528913 /* Release */ = {
			isa = XCBuildConfiguration;
			buildSettings = {
				CODE_SIGN_STYLE = Automatic;
				DEVELOPMENT_TEAM = ZA4JYD4N58;
				ENABLE_HARDENED_RUNTIME = YES;
				HEADER_SEARCH_PATHS = (
					"/Users/unhi/Desktop/3-2/GPU프로그래밍/model_loading/model_loading/include",
					"/Users/unhi/Desktop/3-2/GPU프로그래밍/model_loading/assimp/include",
				);
				LIBRARY_SEARCH_PATHS = (
					"$(inherited)",
					/opt/homebrew/Cellar/glfw/3.3.8/lib,
					/opt/homebrew/Cellar/assimp/5.2.5/lib,
				);
				PRODUCT_NAME = "$(TARGET_NAME)";
			};
			name = Release;
		};
/* End XCBuildConfiguration section */

/* Begin XCConfigurationList section */
		AD8D2EA528F531BA00528913 /* Build configuration list for PBXProject "model_loading" */ = {
			isa = XCConfigurationList;
			buildConfigurations = (
				AD8D2EAF28F531BA00528913 /* Debug */,
				AD8D2EB028F531BA00528913 /* Release */,
			);
			defaultConfigurationIsVisible = 0;
			defaultConfigurationName = Release;
		};
		AD8D2EB128F531BA00528913 /* Build configuration list for PBXNativeTarget "model_loading" */ = {
			isa = XCConfigurationList;
			buildConfigurations = (
				AD8D2EB228F531BA00528913 /* Debug */,
				AD8D2EB328F531BA00528913 /* Release */,
			);
			defaultConfigurationIsVisible = 0;
			defaultConfigurationName = Release;
		};
/* End XCConfigurationList section */
	};
	rootObject = AD8D2EA228F531BA00528913 /* Project object */;
}
